
Microsoft Visual Studio Solution File, Format Version 12.00
# Visual Studio Version 17
VisualStudioVersion = 17.11.35327.3
MinimumVisualStudioVersion = 10.0.40219.1
Project("{FAE04EC0-301F-11D3-BF4B-00C04F79EFBC}") = "WebApplication32", "WebApplication32\WebApplication32.csproj", "{55EDAC8E-5295-4F89-9362-445A84A177A2}"
EndProject
Global
	GlobalSection(SolutionConfigurationPlatforms) = preSolution
		Debug|Any CPU = Debug|Any CPU
		Release|Any CPU = Release|Any CPU
	EndGlobalSection
	GlobalSection(ProjectConfigurationPlatforms) = postSolution
		{55EDAC8E-5295-4F89-9362-445A84A177A2}.Debug|Any CPU.ActiveCfg = Debug|Any CPU
		{55EDAC8E-5295-4F89-9362-445A84A177A2}.Debug|Any CPU.Build.0 = Debug|Any CPU
		{55EDAC8E-5295-4F89-9362-445A84A177A2}.Release|Any CPU.ActiveCfg = Release|Any CPU
		{55EDAC8E-5295-4F89-9362-445A84A177A2}.Release|Any CPU.Build.0 = Release|Any CPU
	EndGlobalSection
	GlobalSection(SolutionProperties) = preSolution
		HideSolutionNode = FALSE
	EndGlobalSection
	GlobalSection(ExtensibilityGlobals) = postSolution
		SolutionGuid = {BE7B0FE7-595D-42C6-B138-12DC51ED5A02}
	EndGlobalSection
EndGlobal
